
Microsoft Visual Studio Solution File, Format Version 12.00
# Visual Studio Version 17
VisualStudioVersion = 17.11.35327.3
MinimumVisualStudioVersion = 10.0.40219.1
Project("{9A19103F-16F7-4668-BE54-9A1E7A4F7556}") = "TestUnitaireExam", "TestUnitaireExam\TestUnitaireExam.csproj", "{ECFBD98E-7910-41D0-A65C-460B2A7265E5}"
EndProject
Project("{FAE04EC0-301F-11D3-BF4B-00C04F79EFBC}") = "Wordle_Test", "Wordle_Test\Wordle_Test.csproj", "{77D2982E-897C-4D7C-9275-D54512DCB738}"
EndProject
Global
	GlobalSection(SolutionConfigurationPlatforms) = preSolution
		Debug|Any CPU = Debug|Any CPU
		Release|Any CPU = Release|Any CPU
	EndGlobalSection
	GlobalSection(ProjectConfigurationPlatforms) = postSolution
		{ECFBD98E-7910-41D0-A65C-460B2A7265E5}.Debug|Any CPU.ActiveCfg = Debug|Any CPU
		{ECFBD98E-7910-41D0-A65C-460B2A7265E5}.Debug|Any CPU.Build.0 = Debug|Any CPU
		{ECFBD98E-7910-41D0-A65C-460B2A7265E5}.Release|Any CPU.ActiveCfg = Release|Any CPU
		{ECFBD98E-7910-41D0-A65C-460B2A7265E5}.Release|Any CPU.Build.0 = Release|Any CPU
		{77D2982E-897C-4D7C-9275-D54512DCB738}.Debug|Any CPU.ActiveCfg = Debug|Any CPU
		{77D2982E-897C-4D7C-9275-D54512DCB738}.Debug|Any CPU.Build.0 = Debug|Any CPU
		{77D2982E-897C-4D7C-9275-D54512DCB738}.Release|Any CPU.ActiveCfg = Release|Any CPU
		{77D2982E-897C-4D7C-9275-D54512DCB738}.Release|Any CPU.Build.0 = Release|Any CPU
	EndGlobalSection
	GlobalSection(SolutionProperties) = preSolution
		HideSolutionNode = FALSE
	EndGlobalSection
	GlobalSection(ExtensibilityGlobals) = postSolution
		SolutionGuid = {C26FE8FE-3D91-4D02-8EF8-9F523A68A1C9}
	EndGlobalSection
EndGlobal
